
Microsoft Visual Studio Solution File, Format Version 12.00
# Visual Studio Version 17
VisualStudioVersion = 17.1.32328.378
MinimumVisualStudioVersion = 10.0.40219.1
Project("{FAE04EC0-301F-11D3-BF4B-00C04F79EFBC}") = "CapaPresentacion", "CapaPresentacion\CapaPresentacion.csproj", "{15F2258C-E695-4D83-A4AC-4396B4EC54AF}"
EndProject
Project("{FAE04EC0-301F-11D3-BF4B-00C04F79EFBC}") = "CapaEntidad", "CapaEntidad\CapaEntidad.csproj", "{A84A6953-6F40-40F2-A66D-BA998814389A}"
EndProject
Project("{FAE04EC0-301F-11D3-BF4B-00C04F79EFBC}") = "CapaNegocio", "CapaNegocio\CapaNegocio.csproj", "{D035C052-6784-4B46-BBF2-3BA6F45A0003}"
EndProject
Project("{FAE04EC0-301F-11D3-BF4B-00C04F79EFBC}") = "CapaDatos", "CapaDatos\CapaDatos.csproj", "{B1922B89-CBD4-4226-B16B-D72F98FDA92F}"
EndProject
Global
	GlobalSection(SolutionConfigurationPlatforms) = preSolution
		Debug|Any CPU = Debug|Any CPU
		Release|Any CPU = Release|Any CPU
	EndGlobalSection
	GlobalSection(ProjectConfigurationPlatforms) = postSolution
		{15F2258C-E695-4D83-A4AC-4396B4EC54AF}.Debug|Any CPU.ActiveCfg = Debug|Any CPU
		{15F2258C-E695-4D83-A4AC-4396B4EC54AF}.Debug|Any CPU.Build.0 = Debug|Any CPU
		{15F2258C-E695-4D83-A4AC-4396B4EC54AF}.Release|Any CPU.ActiveCfg = Release|Any CPU
		{15F2258C-E695-4D83-A4AC-4396B4EC54AF}.Release|Any CPU.Build.0 = Release|Any CPU
		{A84A6953-6F40-40F2-A66D-BA998814389A}.Debug|Any CPU.ActiveCfg = Debug|Any CPU
		{A84A6953-6F40-40F2-A66D-BA998814389A}.Debug|Any CPU.Build.0 = Debug|Any CPU
		{A84A6953-6F40-40F2-A66D-BA998814389A}.Release|Any CPU.ActiveCfg = Release|Any CPU
		{A84A6953-6F40-40F2-A66D-BA998814389A}.Release|Any CPU.Build.0 = Release|Any CPU
		{D035C052-6784-4B46-BBF2-3BA6F45A0003}.Debug|Any CPU.ActiveCfg = Debug|Any CPU
		{D035C052-6784-4B46-BBF2-3BA6F45A0003}.Debug|Any CPU.Build.0 = Debug|Any CPU
		{D035C052-6784-4B46-BBF2-3BA6F45A0003}.Release|Any CPU.ActiveCfg = Release|Any CPU
		{D035C052-6784-4B46-BBF2-3BA6F45A0003}.Release|Any CPU.Build.0 = Release|Any CPU
		{B1922B89-CBD4-4226-B16B-D72F98FDA92F}.Debug|Any CPU.ActiveCfg = Debug|Any CPU
		{B1922B89-CBD4-4226-B16B-D72F98FDA92F}.Debug|Any CPU.Build.0 = Debug|Any CPU
		{B1922B89-CBD4-4226-B16B-D72F98FDA92F}.Release|Any CPU.ActiveCfg = Release|Any CPU
		{B1922B89-CBD4-4226-B16B-D72F98FDA92F}.Release|Any CPU.Build.0 = Release|Any CPU
	EndGlobalSection
	GlobalSection(SolutionProperties) = preSolution
		HideSolutionNode = FALSE
	EndGlobalSection
	GlobalSection(ExtensibilityGlobals) = postSolution
		SolutionGuid = {3FE4BA11-1D90-4990-8219-71DA3C39818F}
	EndGlobalSection
EndGlobal
